
Microsoft Visual Studio Solution File, Format Version 12.00
# Visual Studio Version 17
VisualStudioVersion = 17.5.2.0
MinimumVisualStudioVersion = 10.0.40219.1
Project("{FAE04EC0-301F-11D3-BF4B-00C04F79EFBC}") = "ReceiptVault", "ReceiptVault.csproj", "{6ADB18DE-8C37-4128-3398-CD1ADDC24BED}"
EndProject
Project("{2150E333-8FDC-42A3-9474-1A3956D46DE8}") = "Shared", "Shared", "{4F52FD11-658E-A102-6CD3-7D7C16FFA15B}"
EndProject
Project("{FAE04EC0-301F-11D3-BF4B-00C04F79EFBC}") = "ReceiptVault.Shared", "Shared\ReceiptVault.Shared.csproj", "{5BBA658D-E6BA-4CF1-BFF7-EA0794D342AC}"
EndProject
Project("{2150E333-8FDC-42A3-9474-1A3956D46DE8}") = "Server", "Server", "{DAD03CFC-D5FA-AC94-41C7-9ABAB326F09E}"
EndProject
Project("{FAE04EC0-301F-11D3-BF4B-00C04F79EFBC}") = "ReceiptVault.Server", "Server\ReceiptVault.Server.csproj", "{A9240DA1-19E8-4229-BC1A-5BA488716EFD}"
EndProject
Global
	GlobalSection(SolutionConfigurationPlatforms) = preSolution
		Debug|Any CPU = Debug|Any CPU
		Debug|x64 = Debug|x64
		Debug|x86 = Debug|x86
		Release|Any CPU = Release|Any CPU
		Release|x64 = Release|x64
		Release|x86 = Release|x86
	EndGlobalSection
	GlobalSection(ProjectConfigurationPlatforms) = postSolution
		{6ADB18DE-8C37-4128-3398-CD1ADDC24BED}.Debug|Any CPU.ActiveCfg = Debug|Any CPU
		{6ADB18DE-8C37-4128-3398-CD1ADDC24BED}.Debug|Any CPU.Build.0 = Debug|Any CPU
		{6ADB18DE-8C37-4128-3398-CD1ADDC24BED}.Debug|x64.ActiveCfg = Debug|Any CPU
		{6ADB18DE-8C37-4128-3398-CD1ADDC24BED}.Debug|x64.Build.0 = Debug|Any CPU
		{6ADB18DE-8C37-4128-3398-CD1ADDC24BED}.Debug|x86.ActiveCfg = Debug|Any CPU
		{6ADB18DE-8C37-4128-3398-CD1ADDC24BED}.Debug|x86.Build.0 = Debug|Any CPU
		{6ADB18DE-8C37-4128-3398-CD1ADDC24BED}.Release|Any CPU.ActiveCfg = Release|Any CPU
		{6ADB18DE-8C37-4128-3398-CD1ADDC24BED}.Release|Any CPU.Build.0 = Release|Any CPU
		{6ADB18DE-8C37-4128-3398-CD1ADDC24BED}.Release|x64.ActiveCfg = Release|Any CPU
		{6ADB18DE-8C37-4128-3398-CD1ADDC24BED}.Release|x64.Build.0 = Release|Any CPU
		{6ADB18DE-8C37-4128-3398-CD1ADDC24BED}.Release|x86.ActiveCfg = Release|Any CPU
		{6ADB18DE-8C37-4128-3398-CD1ADDC24BED}.Release|x86.Build.0 = Release|Any CPU
		{5BBA658D-E6BA-4CF1-BFF7-EA0794D342AC}.Debug|Any CPU.ActiveCfg = Debug|Any CPU
		{5BBA658D-E6BA-4CF1-BFF7-EA0794D342AC}.Debug|Any CPU.Build.0 = Debug|Any CPU
		{5BBA658D-E6BA-4CF1-BFF7-EA0794D342AC}.Debug|x64.ActiveCfg = Debug|Any CPU
		{5BBA658D-E6BA-4CF1-BFF7-EA0794D342AC}.Debug|x64.Build.0 = Debug|Any CPU
		{5BBA658D-E6BA-4CF1-BFF7-EA0794D342AC}.Debug|x86.ActiveCfg = Debug|Any CPU
		{5BBA658D-E6BA-4CF1-BFF7-EA0794D342AC}.Debug|x86.Build.0 = Debug|Any CPU
		{5BBA658D-E6BA-4CF1-BFF7-EA0794D342AC}.Release|Any CPU.ActiveCfg = Release|Any CPU
		{5BBA658D-E6BA-4CF1-BFF7-EA0794D342AC}.Release|Any CPU.Build.0 = Release|Any CPU
		{5BBA658D-E6BA-4CF1-BFF7-EA0794D342AC}.Release|x64.ActiveCfg = Release|Any CPU
		{5BBA658D-E6BA-4CF1-BFF7-EA0794D342AC}.Release|x64.Build.0 = Release|Any CPU
		{5BBA658D-E6BA-4CF1-BFF7-EA0794D342AC}.Release|x86.ActiveCfg = Release|Any CPU
		{5BBA658D-E6BA-4CF1-BFF7-EA0794D342AC}.Release|x86.Build.0 = Release|Any CPU
		{A9240DA1-19E8-4229-BC1A-5BA488716EFD}.Debug|Any CPU.ActiveCfg = Debug|Any CPU
		{A9240DA1-19E8-4229-BC1A-5BA488716EFD}.Debug|Any CPU.Build.0 = Debug|Any CPU
		{A9240DA1-19E8-4229-BC1A-5BA488716EFD}.Debug|x64.ActiveCfg = Debug|Any CPU
		{A9240DA1-19E8-4229-BC1A-5BA488716EFD}.Debug|x64.Build.0 = Debug|Any CPU
		{A9240DA1-19E8-4229-BC1A-5BA488716EFD}.Debug|x86.ActiveCfg = Debug|Any CPU
		{A9240DA1-19E8-4229-BC1A-5BA488716EFD}.Debug|x86.Build.0 = Debug|Any CPU
		{A9240DA1-19E8-4229-BC1A-5BA488716EFD}.Release|Any CPU.ActiveCfg = Release|Any CPU
		{A9240DA1-19E8-4229-BC1A-5BA488716EFD}.Release|Any CPU.Build.0 = Release|Any CPU
		{A9240DA1-19E8-4229-BC1A-5BA488716EFD}.Release|x64.ActiveCfg = Release|Any CPU
		{A9240DA1-19E8-4229-BC1A-5BA488716EFD}.Release|x64.Build.0 = Release|Any CPU
		{A9240DA1-19E8-4229-BC1A-5BA488716EFD}.Release|x86.ActiveCfg = Release|Any CPU
		{A9240DA1-19E8-4229-BC1A-5BA488716EFD}.Release|x86.Build.0 = Release|Any CPU
	EndGlobalSection
	GlobalSection(SolutionProperties) = preSolution
		HideSolutionNode = FALSE
	EndGlobalSection
	GlobalSection(NestedProjects) = preSolution
		{5BBA658D-E6BA-4CF1-BFF7-EA0794D342AC} = {4F52FD11-658E-A102-6CD3-7D7C16FFA15B}
		{A9240DA1-19E8-4229-BC1A-5BA488716EFD} = {DAD03CFC-D5FA-AC94-41C7-9ABAB326F09E}
	EndGlobalSection
	GlobalSection(ExtensibilityGlobals) = postSolution
		SolutionGuid = {884B182D-1D8B-403F-A4DB-8B47F92F2B9A}
	EndGlobalSection
EndGlobal
